
Microsoft Visual Studio Solution File, Format Version 12.00
# Visual Studio Version 17
VisualStudioVersion = 17.8.34525.116
MinimumVisualStudioVersion = 10.0.40219.1
Project("{9A19103F-16F7-4668-BE54-9A1E7A4F7556}") = "IsubuBurada.KatalogService", "IsubuBurada.KatalogService\IsubuBurada.KatalogService.csproj", "{C9B131B3-F27A-4565-8F01-A39DEF10AFAC}"
EndProject
Project("{9A19103F-16F7-4668-BE54-9A1E7A4F7556}") = "IsubuBurada.IdentityServer", "IsubuBurada.IdentityServer\IsubuBurada.IdentityServer.csproj", "{6ED9D277-D2DA-458D-BD83-B359B91A2145}"
EndProject
Project("{9A19103F-16F7-4668-BE54-9A1E7A4F7556}") = "IsubuBurada.FotografService", "IsubuBurada.FotografService\IsubuBurada.FotografService.csproj", "{19F2F1C2-D8B7-42D6-AE70-F417FEEE45F0}"
EndProject
Project("{9A19103F-16F7-4668-BE54-9A1E7A4F7556}") = "IsubuBurada.SepetService", "IsubuBurada.SepetService\IsubuBurada.SepetService.csproj", "{F3BCBD49-1518-459C-BA7A-B8490116F031}"
EndProject
Project("{FAE04EC0-301F-11D3-BF4B-00C04F79EFBC}") = "IsubuBurada.IndirimService", "IsubuBurada.IndirimService\IsubuBurada.IndirimService.csproj", "{7DBA3F8D-37D2-4900-A5DC-B0B42D56D70F}"
EndProject
Global
	GlobalSection(SolutionConfigurationPlatforms) = preSolution
		Debug|Any CPU = Debug|Any CPU
		Release|Any CPU = Release|Any CPU
	EndGlobalSection
	GlobalSection(ProjectConfigurationPlatforms) = postSolution
		{C9B131B3-F27A-4565-8F01-A39DEF10AFAC}.Debug|Any CPU.ActiveCfg = Debug|Any CPU
		{C9B131B3-F27A-4565-8F01-A39DEF10AFAC}.Debug|Any CPU.Build.0 = Debug|Any CPU
		{C9B131B3-F27A-4565-8F01-A39DEF10AFAC}.Release|Any CPU.ActiveCfg = Release|Any CPU
		{C9B131B3-F27A-4565-8F01-A39DEF10AFAC}.Release|Any CPU.Build.0 = Release|Any CPU
		{6ED9D277-D2DA-458D-BD83-B359B91A2145}.Debug|Any CPU.ActiveCfg = Debug|Any CPU
		{6ED9D277-D2DA-458D-BD83-B359B91A2145}.Debug|Any CPU.Build.0 = Debug|Any CPU
		{6ED9D277-D2DA-458D-BD83-B359B91A2145}.Release|Any CPU.ActiveCfg = Release|Any CPU
		{6ED9D277-D2DA-458D-BD83-B359B91A2145}.Release|Any CPU.Build.0 = Release|Any CPU
		{19F2F1C2-D8B7-42D6-AE70-F417FEEE45F0}.Debug|Any CPU.ActiveCfg = Debug|Any CPU
		{19F2F1C2-D8B7-42D6-AE70-F417FEEE45F0}.Debug|Any CPU.Build.0 = Debug|Any CPU
		{19F2F1C2-D8B7-42D6-AE70-F417FEEE45F0}.Release|Any CPU.ActiveCfg = Release|Any CPU
		{19F2F1C2-D8B7-42D6-AE70-F417FEEE45F0}.Release|Any CPU.Build.0 = Release|Any CPU
		{F3BCBD49-1518-459C-BA7A-B8490116F031}.Debug|Any CPU.ActiveCfg = Debug|Any CPU
		{F3BCBD49-1518-459C-BA7A-B8490116F031}.Debug|Any CPU.Build.0 = Debug|Any CPU
		{F3BCBD49-1518-459C-BA7A-B8490116F031}.Release|Any CPU.ActiveCfg = Release|Any CPU
		{F3BCBD49-1518-459C-BA7A-B8490116F031}.Release|Any CPU.Build.0 = Release|Any CPU
		{7DBA3F8D-37D2-4900-A5DC-B0B42D56D70F}.Debug|Any CPU.ActiveCfg = Debug|Any CPU
		{7DBA3F8D-37D2-4900-A5DC-B0B42D56D70F}.Debug|Any CPU.Build.0 = Debug|Any CPU
		{7DBA3F8D-37D2-4900-A5DC-B0B42D56D70F}.Release|Any CPU.ActiveCfg = Release|Any CPU
		{7DBA3F8D-37D2-4900-A5DC-B0B42D56D70F}.Release|Any CPU.Build.0 = Release|Any CPU
	EndGlobalSection
	GlobalSection(SolutionProperties) = preSolution
		HideSolutionNode = FALSE
	EndGlobalSection
	GlobalSection(ExtensibilityGlobals) = postSolution
		SolutionGuid = {339AA221-DA8A-4248-BA70-B8C865AD09CB}
	EndGlobalSection
EndGlobal
